
Microsoft Visual Studio Solution File, Format Version 12.00
# Visual Studio Version 17
VisualStudioVersion = 17.2.32630.192
MinimumVisualStudioVersion = 10.0.40219.1
Project("{FAE04EC0-301F-11D3-BF4B-00C04F79EFBC}") = "TechnicalTask_PhoneBook", "TechnicalTask_PhoneBook\TechnicalTask_PhoneBook.csproj", "{FDBF48AD-146D-4CC3-8890-A6F0B4303BB4}"
EndProject
Project("{FAE04EC0-301F-11D3-BF4B-00C04F79EFBC}") = "Phonebook.Library", "Phonebook.Library\Phonebook.Library.csproj", "{5728BF31-9028-4645-963B-2DFC98A1EDA8}"
EndProject
Global
	GlobalSection(SolutionConfigurationPlatforms) = preSolution
		Debug|Any CPU = Debug|Any CPU
		Release|Any CPU = Release|Any CPU
	EndGlobalSection
	GlobalSection(ProjectConfigurationPlatforms) = postSolution
		{FDBF48AD-146D-4CC3-8890-A6F0B4303BB4}.Debug|Any CPU.ActiveCfg = Debug|Any CPU
		{FDBF48AD-146D-4CC3-8890-A6F0B4303BB4}.Debug|Any CPU.Build.0 = Debug|Any CPU
		{FDBF48AD-146D-4CC3-8890-A6F0B4303BB4}.Release|Any CPU.ActiveCfg = Release|Any CPU
		{FDBF48AD-146D-4CC3-8890-A6F0B4303BB4}.Release|Any CPU.Build.0 = Release|Any CPU
		{5728BF31-9028-4645-963B-2DFC98A1EDA8}.Debug|Any CPU.ActiveCfg = Debug|Any CPU
		{5728BF31-9028-4645-963B-2DFC98A1EDA8}.Debug|Any CPU.Build.0 = Debug|Any CPU
		{5728BF31-9028-4645-963B-2DFC98A1EDA8}.Release|Any CPU.ActiveCfg = Release|Any CPU
		{5728BF31-9028-4645-963B-2DFC98A1EDA8}.Release|Any CPU.Build.0 = Release|Any CPU
	EndGlobalSection
	GlobalSection(SolutionProperties) = preSolution
		HideSolutionNode = FALSE
	EndGlobalSection
	GlobalSection(ExtensibilityGlobals) = postSolution
		SolutionGuid = {DB066176-A0C7-4944-B872-4C18E0C14FE7}
	EndGlobalSection
EndGlobal
